
Microsoft Visual Studio Solution File, Format Version 12.00
# Visual Studio Version 17
VisualStudioVersion = 17.7.34202.233
MinimumVisualStudioVersion = 10.0.40219.1
Project("{9A19103F-16F7-4668-BE54-9A1E7A4F7556}") = "Collections", "Collections.csproj", "{E5C8ACB7-DCAD-48E3-BF87-F8C5A167AF17}"
EndProject
Global
	GlobalSection(SolutionConfigurationPlatforms) = preSolution
		Debug|Any CPU = Debug|Any CPU
		Release|Any CPU = Release|Any CPU
	EndGlobalSection
	GlobalSection(ProjectConfigurationPlatforms) = postSolution
		{E5C8ACB7-DCAD-48E3-BF87-F8C5A167AF17}.Debug|Any CPU.ActiveCfg = Debug|Any CPU
		{E5C8ACB7-DCAD-48E3-BF87-F8C5A167AF17}.Debug|Any CPU.Build.0 = Debug|Any CPU
		{E5C8ACB7-DCAD-48E3-BF87-F8C5A167AF17}.Release|Any CPU.ActiveCfg = Release|Any CPU
		{E5C8ACB7-DCAD-48E3-BF87-F8C5A167AF17}.Release|Any CPU.Build.0 = Release|Any CPU
	EndGlobalSection
	GlobalSection(SolutionProperties) = preSolution
		HideSolutionNode = FALSE
	EndGlobalSection
	GlobalSection(ExtensibilityGlobals) = postSolution
		SolutionGuid = {807DEC6D-5662-4858-AAA1-D359BF86167B}
	EndGlobalSection
EndGlobal
